
Microsoft Visual Studio Solution File, Format Version 12.00
# Visual Studio Version 17
VisualStudioVersion = 17.9.34616.47
MinimumVisualStudioVersion = 10.0.40219.1
Project("{9A19103F-16F7-4668-BE54-9A1E7A4F7556}") = "10-Grades", "10-Grades\10-Grades.csproj", "{2D6BE9E4-7C43-4926-9176-78D27B3362A4}"
EndProject
Global
	GlobalSection(SolutionConfigurationPlatforms) = preSolution
		Debug|Any CPU = Debug|Any CPU
		Release|Any CPU = Release|Any CPU
	EndGlobalSection
	GlobalSection(ProjectConfigurationPlatforms) = postSolution
		{2D6BE9E4-7C43-4926-9176-78D27B3362A4}.Debug|Any CPU.ActiveCfg = Debug|Any CPU
		{2D6BE9E4-7C43-4926-9176-78D27B3362A4}.Debug|Any CPU.Build.0 = Debug|Any CPU
		{2D6BE9E4-7C43-4926-9176-78D27B3362A4}.Release|Any CPU.ActiveCfg = Release|Any CPU
		{2D6BE9E4-7C43-4926-9176-78D27B3362A4}.Release|Any CPU.Build.0 = Release|Any CPU
	EndGlobalSection
	GlobalSection(SolutionProperties) = preSolution
		HideSolutionNode = FALSE
	EndGlobalSection
	GlobalSection(ExtensibilityGlobals) = postSolution
		SolutionGuid = {41A2972B-22A7-45D3-9E9B-4FBFC6D554F8}
	EndGlobalSection
	GlobalSection(TeamFoundationVersionControl) = preSolution
		SccNumberOfProjects = 2
		SccEnterpriseProvider = {4CA58AB2-18FA-4F8D-95D4-32DDF27D184C}
		SccTeamFoundationServer = https://cisteam.otc.edu/tfs/cm0912085
		SccLocalPath0 = .
		SccProjectUniqueName1 = 10-Grades\\10-Grades.csproj
		SccProjectName1 = 10-Grades
		SccLocalPath1 = 10-Grades
	EndGlobalSection
EndGlobal
