
Microsoft Visual Studio Solution File, Format Version 12.00
# Visual Studio Version 17
VisualStudioVersion = 17.9.34616.47
MinimumVisualStudioVersion = 10.0.40219.1
Project("{FAE04EC0-301F-11D3-BF4B-00C04F79EFBC}") = "02- Bowling", "02- Bowling\02- Bowling.csproj", "{F72B1BDF-C4CF-40B1-9824-CBB6F1AC2265}"
EndProject
Global
	GlobalSection(SolutionConfigurationPlatforms) = preSolution
		Debug|Any CPU = Debug|Any CPU
		Release|Any CPU = Release|Any CPU
	EndGlobalSection
	GlobalSection(ProjectConfigurationPlatforms) = postSolution
		{F72B1BDF-C4CF-40B1-9824-CBB6F1AC2265}.Debug|Any CPU.ActiveCfg = Debug|Any CPU
		{F72B1BDF-C4CF-40B1-9824-CBB6F1AC2265}.Debug|Any CPU.Build.0 = Debug|Any CPU
		{F72B1BDF-C4CF-40B1-9824-CBB6F1AC2265}.Release|Any CPU.ActiveCfg = Release|Any CPU
		{F72B1BDF-C4CF-40B1-9824-CBB6F1AC2265}.Release|Any CPU.Build.0 = Release|Any CPU
	EndGlobalSection
	GlobalSection(SolutionProperties) = preSolution
		HideSolutionNode = FALSE
	EndGlobalSection
	GlobalSection(ExtensibilityGlobals) = postSolution
		SolutionGuid = {AEDDB2B4-9E6D-418C-BEF1-0680E7D37272}
	EndGlobalSection
EndGlobal
