
Microsoft Visual Studio Solution File, Format Version 12.00
# Visual Studio Version 17
VisualStudioVersion = 17.9.34616.47
MinimumVisualStudioVersion = 10.0.40219.1
Project("{FAE04EC0-301F-11D3-BF4B-00C04F79EFBC}") = "14-Alarm", "14-Alarm\14-Alarm.csproj", "{9533BF4F-DD5A-412C-82AE-AF9B2527767F}"
EndProject
Project("{2150E333-8FDC-42A3-9474-1A3956D46DE8}") = "Solution Items", "Solution Items", "{7B287673-CCC0-47B3-A9DE-317F0DA206E2}"
EndProject
Global
	GlobalSection(SolutionConfigurationPlatforms) = preSolution
		Debug|Any CPU = Debug|Any CPU
		Release|Any CPU = Release|Any CPU
	EndGlobalSection
	GlobalSection(ProjectConfigurationPlatforms) = postSolution
		{9533BF4F-DD5A-412C-82AE-AF9B2527767F}.Debug|Any CPU.ActiveCfg = Debug|Any CPU
		{9533BF4F-DD5A-412C-82AE-AF9B2527767F}.Debug|Any CPU.Build.0 = Debug|Any CPU
		{9533BF4F-DD5A-412C-82AE-AF9B2527767F}.Release|Any CPU.ActiveCfg = Release|Any CPU
		{9533BF4F-DD5A-412C-82AE-AF9B2527767F}.Release|Any CPU.Build.0 = Release|Any CPU
	EndGlobalSection
	GlobalSection(SolutionProperties) = preSolution
		HideSolutionNode = FALSE
	EndGlobalSection
	GlobalSection(ExtensibilityGlobals) = postSolution
		SolutionGuid = {FED52FCB-97FC-4806-ACCA-831D946DAD91}
	EndGlobalSection
	GlobalSection(TeamFoundationVersionControl) = preSolution
		SccNumberOfProjects = 2
		SccEnterpriseProvider = {4CA58AB2-18FA-4F8D-95D4-32DDF27D184C}
		SccTeamFoundationServer = https://cisteam.otc.edu/tfs/cm0912085
		SccLocalPath0 = .
		SccProjectUniqueName1 = 14-Alarm\\14-Alarm.csproj
		SccProjectName1 = 14-Alarm
		SccLocalPath1 = 14-Alarm
	EndGlobalSection
EndGlobal
