
Microsoft Visual Studio Solution File, Format Version 12.00
# Visual Studio Version 17
VisualStudioVersion = 17.10.34928.147
MinimumVisualStudioVersion = 10.0.40219.1
Project("{9A19103F-16F7-4668-BE54-9A1E7A4F7556}") = "Employee Management Class Structure", "Employee Management Class Structure\Employee Management Class Structure.csproj", "{4B561A0C-8EC3-46F5-B4E5-C8A0FC3ACC11}"
EndProject
Project("{2150E333-8FDC-42A3-9474-1A3956D46DE8}") = "Solution Items", "Solution Items", "{17E7209F-4842-4740-92B8-AA185D9DDF37}"
	ProjectSection(SolutionItems) = preProject
		..\..\..\Documents\Employee Management.md = ..\..\..\Documents\Employee Management.md
	EndProjectSection
EndProject
Global
	GlobalSection(SolutionConfigurationPlatforms) = preSolution
		Debug|Any CPU = Debug|Any CPU
		Release|Any CPU = Release|Any CPU
	EndGlobalSection
	GlobalSection(ProjectConfigurationPlatforms) = postSolution
		{4B561A0C-8EC3-46F5-B4E5-C8A0FC3ACC11}.Debug|Any CPU.ActiveCfg = Debug|Any CPU
		{4B561A0C-8EC3-46F5-B4E5-C8A0FC3ACC11}.Debug|Any CPU.Build.0 = Debug|Any CPU
		{4B561A0C-8EC3-46F5-B4E5-C8A0FC3ACC11}.Release|Any CPU.ActiveCfg = Release|Any CPU
		{4B561A0C-8EC3-46F5-B4E5-C8A0FC3ACC11}.Release|Any CPU.Build.0 = Release|Any CPU
	EndGlobalSection
	GlobalSection(SolutionProperties) = preSolution
		HideSolutionNode = FALSE
	EndGlobalSection
	GlobalSection(ExtensibilityGlobals) = postSolution
		SolutionGuid = {16D5545B-36FC-42A5-B30B-AC818801782C}
	EndGlobalSection
EndGlobal
