
Microsoft Visual Studio Solution File, Format Version 12.00
# Visual Studio Version 17
VisualStudioVersion = 17.9.34616.47
MinimumVisualStudioVersion = 10.0.40219.1
Project("{9A19103F-16F7-4668-BE54-9A1E7A4F7556}") = "15-Inputs", "15-Inputs\15-Inputs.csproj", "{2AF859B8-05EE-4EA8-B7D7-AD8B1A081825}"
EndProject
Global
	GlobalSection(SolutionConfigurationPlatforms) = preSolution
		Debug|Any CPU = Debug|Any CPU
		Release|Any CPU = Release|Any CPU
	EndGlobalSection
	GlobalSection(ProjectConfigurationPlatforms) = postSolution
		{2AF859B8-05EE-4EA8-B7D7-AD8B1A081825}.Debug|Any CPU.ActiveCfg = Debug|Any CPU
		{2AF859B8-05EE-4EA8-B7D7-AD8B1A081825}.Debug|Any CPU.Build.0 = Debug|Any CPU
		{2AF859B8-05EE-4EA8-B7D7-AD8B1A081825}.Release|Any CPU.ActiveCfg = Release|Any CPU
		{2AF859B8-05EE-4EA8-B7D7-AD8B1A081825}.Release|Any CPU.Build.0 = Release|Any CPU
	EndGlobalSection
	GlobalSection(SolutionProperties) = preSolution
		HideSolutionNode = FALSE
	EndGlobalSection
	GlobalSection(ExtensibilityGlobals) = postSolution
		SolutionGuid = {0F4DD6FE-E855-4B7A-B419-20252D1E2E97}
	EndGlobalSection
	GlobalSection(TeamFoundationVersionControl) = preSolution
		SccNumberOfProjects = 2
		SccEnterpriseProvider = {4CA58AB2-18FA-4F8D-95D4-32DDF27D184C}
		SccTeamFoundationServer = https://cisteam.otc.edu/tfs/cm0912085
		SccLocalPath0 = .
		SccProjectUniqueName1 = 15-Inputs\\15-Inputs.csproj
		SccProjectName1 = 15-Inputs
		SccLocalPath1 = 15-Inputs
	EndGlobalSection
EndGlobal
